
Microsoft Visual Studio Solution File, Format Version 12.00
# Visual Studio Version 17
VisualStudioVersion = 17.4.33213.308
MinimumVisualStudioVersion = 10.0.40219.1
Project("{9A19103F-16F7-4668-BE54-9A1E7A4F7556}") = "TestFileUpload", "TestFileUpload.csproj", "{F558D900-C82D-4ACD-AA6F-78097E5A9B05}"
EndProject
Global
	GlobalSection(SolutionConfigurationPlatforms) = preSolution
		Debug|Any CPU = Debug|Any CPU
		Release|Any CPU = Release|Any CPU
	EndGlobalSection
	GlobalSection(ProjectConfigurationPlatforms) = postSolution
		{F558D900-C82D-4ACD-AA6F-78097E5A9B05}.Debug|Any CPU.ActiveCfg = Debug|Any CPU
		{F558D900-C82D-4ACD-AA6F-78097E5A9B05}.Debug|Any CPU.Build.0 = Debug|Any CPU
		{F558D900-C82D-4ACD-AA6F-78097E5A9B05}.Release|Any CPU.ActiveCfg = Release|Any CPU
		{F558D900-C82D-4ACD-AA6F-78097E5A9B05}.Release|Any CPU.Build.0 = Release|Any CPU
	EndGlobalSection
	GlobalSection(SolutionProperties) = preSolution
		HideSolutionNode = FALSE
	EndGlobalSection
	GlobalSection(ExtensibilityGlobals) = postSolution
		SolutionGuid = {82C30D36-BDC6-4735-99F8-FE15FC728019}
	EndGlobalSection
EndGlobal
